<?xml version="1.0" encoding="utf-8"?>
<Project ToolsVersion="4.0" xmlns="http://schemas.microsoft.com/developer/msbuild/2003">
  <ItemGroup>
    <Filter Include="源文件">
      <UniqueIdentifier>{4FC737F1-C7A5-4376-A066-2A32D752A2FF}</UniqueIdentifier>
      <Extensions>cpp;c;cc;cxx;c++;cppm;ixx;def;odl;idl;hpj;bat;asm;asmx</Extensions>
    </Filter>
    <Filter Include="头文件">
      <UniqueIdentifier>{93995380-89BD-4b04-88EB-625FBE52EBFB}</UniqueIdentifier>
      <Extensions>h;hh;hpp;hxx;h++;hm;inl;inc;ipp;xsd</Extensions>
    </Filter>
    <Filter Include="资源文件">
      <UniqueIdentifier>{67DA6AB6-F800-4c08-8B7A-83BB121AAD01}</UniqueIdentifier>
      <Extensions>rc;ico;cur;bmp;dlg;rc2;rct;bin;rgs;gif;jpg;jpeg;jpe;resx;tiff;tif;png;wav;mfcribbon-ms</Extensions>
    </Filter>
    <Filter Include="源文件\AEXModule">
      <UniqueIdentifier>{ead9b972-57aa-4514-a35b-63a1ad5fb119}</UniqueIdentifier>
    </Filter>
    <Filter Include="头文件\AEXModule">
      <UniqueIdentifier>{39a06d15-4098-456a-aa27-14cdbe29c4a4}</UniqueIdentifier>
    </Filter>
  </ItemGroup>
  <ItemGroup>
    <ClInclude Include="AEXModule.h">
      <Filter>头文件</Filter>
    </ClInclude>
    <ClInclude Include="AEXModule\h\Text.h">
      <Filter>头文件\AEXModule</Filter>
    </ClInclude>
    <ClInclude Include="AEXModule\h\AEXStore.h">
      <Filter>头文件\AEXModule</Filter>
    </ClInclude>
    <ClInclude Include="AEXModule\h\Byteset.h">
      <Filter>头文件\AEXModule</Filter>
    </ClInclude>
    <ClInclude Include="AEXModule\h\Encryption.h">
      <Filter>头文件\AEXModule</Filter>
    </ClInclude>
    <ClInclude Include="AEXModule\h\File.h">
      <Filter>头文件\AEXModule</Filter>
    </ClInclude>
    <ClInclude Include="AEXModule\h\Memory.h">
      <Filter>头文件\AEXModule</Filter>
    </ClInclude>
    <ClInclude Include="AEXModule\h\Network.h">
      <Filter>头文件\AEXModule</Filter>
    </ClInclude>
    <ClInclude Include="AEXModule\h\Process.h">
      <Filter>头文件\AEXModule</Filter>
    </ClInclude>
    <ClInclude Include="AEXModule\h\Gui.h">
      <Filter>头文件\AEXModule</Filter>
    </ClInclude>
    <ClInclude Include="AEXModule\h\Thread.h">
      <Filter>头文件\AEXModule</Filter>
    </ClInclude>
    <ClInclude Include="PageHook.hpp">
      <Filter>头文件</Filter>
    </ClInclude>
  </ItemGroup>
  <ItemGroup>
    <ClCompile Include="AEXModule\cpp\Text.cpp">
      <Filter>源文件\AEXModule</Filter>
    </ClCompile>
    <ClCompile Include="AEXModule\cpp\AEXStore.cpp">
      <Filter>源文件\AEXModule</Filter>
    </ClCompile>
    <ClCompile Include="AEXModule\cpp\Byteset.cpp">
      <Filter>源文件\AEXModule</Filter>
    </ClCompile>
    <ClCompile Include="AEXModule\cpp\Encryption.cpp">
      <Filter>源文件\AEXModule</Filter>
    </ClCompile>
    <ClCompile Include="AEXModule\cpp\File.cpp">
      <Filter>源文件\AEXModule</Filter>
    </ClCompile>
    <ClCompile Include="AEXModule\cpp\Memory.cpp">
      <Filter>源文件\AEXModule</Filter>
    </ClCompile>
    <ClCompile Include="AEXModule\cpp\Network.cpp">
      <Filter>源文件\AEXModule</Filter>
    </ClCompile>
    <ClCompile Include="AEXModule\cpp\Process.cpp">
      <Filter>源文件\AEXModule</Filter>
    </ClCompile>
    <ClCompile Include="AEXModule\cpp\System.cpp">
      <Filter>源文件\AEXModule</Filter>
    </ClCompile>
    <ClCompile Include="AEXModule\cpp\Gui.cpp">
      <Filter>源文件\AEXModule</Filter>
    </ClCompile>
    <ClCompile Include="main.cpp">
      <Filter>源文件</Filter>
    </ClCompile>
    <ClCompile Include="AEXModule\cpp\Thread.cpp">
      <Filter>源文件\AEXModule</Filter>
    </ClCompile>
  </ItemGroup>
</Project>